
Microsoft Visual Studio Solution File, Format Version 12.00
# Visual Studio Version 16
VisualStudioVersion = 16.0.30621.155
MinimumVisualStudioVersion = 10.0.40219.1
Project("{FAE04EC0-301F-11D3-BF4B-00C04F79EFBC}") = "JoseLuisMenaWcf", "JoseLuisMenaWcf\JoseLuisMenaWcf.csproj", "{E4790F07-417B-44FF-8CA3-D247296C0CE6}"
EndProject
Project("{FAE04EC0-301F-11D3-BF4B-00C04F79EFBC}") = "GUIWcfSergioJoseLuisMena", "GUIWcfSergioJoseLuisMena\GUIWcfSergioJoseLuisMena.csproj", "{64FD2562-A3B1-4A24-9361-50D68B75E617}"
	ProjectSection(ProjectDependencies) = postProject
		{E4790F07-417B-44FF-8CA3-D247296C0CE6} = {E4790F07-417B-44FF-8CA3-D247296C0CE6}
	EndProjectSection
EndProject
Global
	GlobalSection(SolutionConfigurationPlatforms) = preSolution
		Debug|Any CPU = Debug|Any CPU
		Release|Any CPU = Release|Any CPU
	EndGlobalSection
	GlobalSection(ProjectConfigurationPlatforms) = postSolution
		{E4790F07-417B-44FF-8CA3-D247296C0CE6}.Debug|Any CPU.ActiveCfg = Debug|Any CPU
		{E4790F07-417B-44FF-8CA3-D247296C0CE6}.Debug|Any CPU.Build.0 = Debug|Any CPU
		{E4790F07-417B-44FF-8CA3-D247296C0CE6}.Release|Any CPU.ActiveCfg = Release|Any CPU
		{E4790F07-417B-44FF-8CA3-D247296C0CE6}.Release|Any CPU.Build.0 = Release|Any CPU
		{64FD2562-A3B1-4A24-9361-50D68B75E617}.Debug|Any CPU.ActiveCfg = Debug|Any CPU
		{64FD2562-A3B1-4A24-9361-50D68B75E617}.Debug|Any CPU.Build.0 = Debug|Any CPU
		{64FD2562-A3B1-4A24-9361-50D68B75E617}.Release|Any CPU.ActiveCfg = Release|Any CPU
		{64FD2562-A3B1-4A24-9361-50D68B75E617}.Release|Any CPU.Build.0 = Release|Any CPU
	EndGlobalSection
	GlobalSection(SolutionProperties) = preSolution
		HideSolutionNode = FALSE
	EndGlobalSection
	GlobalSection(ExtensibilityGlobals) = postSolution
		SolutionGuid = {DECCDF29-3148-407E-9732-16FB64E52C58}
	EndGlobalSection
EndGlobal
